
Microsoft Visual Studio Solution File, Format Version 12.00
# Visual Studio Version 16
VisualStudioVersion = 16.0.29519.181
MinimumVisualStudioVersion = 10.0.40219.1
Project("{FAE04EC0-301F-11D3-BF4B-00C04F79EFBC}") = "FinalProject", "FinalProject.csproj", "{EECC6F41-6542-4CCC-8D5E-A14EE5D7ECD5}"
EndProject
Global
	GlobalSection(SolutionConfigurationPlatforms) = preSolution
		Debug|Any CPU = Debug|Any CPU
		Release|Any CPU = Release|Any CPU
	EndGlobalSection
	GlobalSection(ProjectConfigurationPlatforms) = postSolution
		{EECC6F41-6542-4CCC-8D5E-A14EE5D7ECD5}.Debug|Any CPU.ActiveCfg = Debug|Any CPU
		{EECC6F41-6542-4CCC-8D5E-A14EE5D7ECD5}.Debug|Any CPU.Build.0 = Debug|Any CPU
		{EECC6F41-6542-4CCC-8D5E-A14EE5D7ECD5}.Release|Any CPU.ActiveCfg = Release|Any CPU
		{EECC6F41-6542-4CCC-8D5E-A14EE5D7ECD5}.Release|Any CPU.Build.0 = Release|Any CPU
	EndGlobalSection
	GlobalSection(SolutionProperties) = preSolution
		HideSolutionNode = FALSE
	EndGlobalSection
	GlobalSection(ExtensibilityGlobals) = postSolution
		SolutionGuid = {55076E1C-086B-4434-AA52-D31947B4104F}
	EndGlobalSection
EndGlobal
